
Microsoft Visual Studio Solution File, Format Version 12.00
# Visual Studio Version 17
VisualStudioVersion = 17.5.33516.290
MinimumVisualStudioVersion = 10.0.40219.1
Project("{FAE04EC0-301F-11D3-BF4B-00C04F79EFBC}") = "ClassLibrary1", "ClassLibrary1.csproj", "{FEDA535A-57B6-4001-9D09-1A2D3C600E95}"
EndProject
Global
	GlobalSection(SolutionConfigurationPlatforms) = preSolution
		Debug|Any CPU = Debug|Any CPU
		Release|Any CPU = Release|Any CPU
	EndGlobalSection
	GlobalSection(ProjectConfigurationPlatforms) = postSolution
		{FEDA535A-57B6-4001-9D09-1A2D3C600E95}.Debug|Any CPU.ActiveCfg = Debug|Any CPU
		{FEDA535A-57B6-4001-9D09-1A2D3C600E95}.Debug|Any CPU.Build.0 = Debug|Any CPU
		{FEDA535A-57B6-4001-9D09-1A2D3C600E95}.Release|Any CPU.ActiveCfg = Release|Any CPU
		{FEDA535A-57B6-4001-9D09-1A2D3C600E95}.Release|Any CPU.Build.0 = Release|Any CPU
	EndGlobalSection
	GlobalSection(SolutionProperties) = preSolution
		HideSolutionNode = FALSE
	EndGlobalSection
	GlobalSection(ExtensibilityGlobals) = postSolution
		SolutionGuid = {542423D0-1522-49F4-B3C2-8500DD13F15C}
	EndGlobalSection
EndGlobal
