
Microsoft Visual Studio Solution File, Format Version 12.00
# Visual Studio Version 17
VisualStudioVersion = 17.5.33516.290
MinimumVisualStudioVersion = 10.0.40219.1
Project("{FAE04EC0-301F-11D3-BF4B-00C04F79EFBC}") = "LoropioFitnessApp", "LoropioFitnessApp.csproj", "{3B821213-FF53-4181-8308-34069006465B}"
EndProject
Global
	GlobalSection(SolutionConfigurationPlatforms) = preSolution
		Debug|Any CPU = Debug|Any CPU
		Release|Any CPU = Release|Any CPU
	EndGlobalSection
	GlobalSection(ProjectConfigurationPlatforms) = postSolution
		{3B821213-FF53-4181-8308-34069006465B}.Debug|Any CPU.ActiveCfg = Debug|Any CPU
		{3B821213-FF53-4181-8308-34069006465B}.Debug|Any CPU.Build.0 = Debug|Any CPU
		{3B821213-FF53-4181-8308-34069006465B}.Release|Any CPU.ActiveCfg = Release|Any CPU
		{3B821213-FF53-4181-8308-34069006465B}.Release|Any CPU.Build.0 = Release|Any CPU
	EndGlobalSection
	GlobalSection(SolutionProperties) = preSolution
		HideSolutionNode = FALSE
	EndGlobalSection
	GlobalSection(ExtensibilityGlobals) = postSolution
		SolutionGuid = {E3A568ED-162E-4803-9D63-E36441CDBFC5}
	EndGlobalSection
EndGlobal
