
Microsoft Visual Studio Solution File, Format Version 12.00
# Visual Studio Version 17
VisualStudioVersion = 17.5.33516.290
MinimumVisualStudioVersion = 10.0.40219.1
Project("{FAE04EC0-301F-11D3-BF4B-00C04F79EFBC}") = "Console App", "Console App.csproj", "{6FC4A7AA-8B87-46E7-93CC-3160F00F25E5}"
EndProject
Project("{FAE04EC0-301F-11D3-BF4B-00C04F79EFBC}") = "PersonLibrary", "..\Person\PersonLibrary.csproj", "{3AED44D8-89B7-402A-A198-3AF72D3147DC}"
EndProject
Global
	GlobalSection(SolutionConfigurationPlatforms) = preSolution
		Debug|Any CPU = Debug|Any CPU
		Release|Any CPU = Release|Any CPU
	EndGlobalSection
	GlobalSection(ProjectConfigurationPlatforms) = postSolution
		{6FC4A7AA-8B87-46E7-93CC-3160F00F25E5}.Debug|Any CPU.ActiveCfg = Debug|Any CPU
		{6FC4A7AA-8B87-46E7-93CC-3160F00F25E5}.Debug|Any CPU.Build.0 = Debug|Any CPU
		{6FC4A7AA-8B87-46E7-93CC-3160F00F25E5}.Release|Any CPU.ActiveCfg = Release|Any CPU
		{6FC4A7AA-8B87-46E7-93CC-3160F00F25E5}.Release|Any CPU.Build.0 = Release|Any CPU
		{3AED44D8-89B7-402A-A198-3AF72D3147DC}.Debug|Any CPU.ActiveCfg = Debug|Any CPU
		{3AED44D8-89B7-402A-A198-3AF72D3147DC}.Debug|Any CPU.Build.0 = Debug|Any CPU
		{3AED44D8-89B7-402A-A198-3AF72D3147DC}.Release|Any CPU.ActiveCfg = Release|Any CPU
		{3AED44D8-89B7-402A-A198-3AF72D3147DC}.Release|Any CPU.Build.0 = Release|Any CPU
	EndGlobalSection
	GlobalSection(SolutionProperties) = preSolution
		HideSolutionNode = FALSE
	EndGlobalSection
	GlobalSection(ExtensibilityGlobals) = postSolution
		SolutionGuid = {1A9ED5F4-3F9F-4F1A-922F-7D5203B7C160}
	EndGlobalSection
EndGlobal
